// !$*UTF8*$!
{
	archiveVersion = 1;
	classes = {
	};
	objectVersion = 56;
	objects = {

/* Begin PBXBuildFile section */
		21AE56ED044BAA3AE9F9FCDA /* libPods-RNSplitCodeToMultipleBundles.a in Frameworks */ = {isa = PBXBuildFile; fileRef = 0133466FD424A05F6D55AF31 /* libPods-RNSplitCodeToMultipleBundles.a */; };
		C9CFF6112BB3B4570094F4DE /* AppDelegate.swift in Sources */ = {isa = PBXBuildFile; fileRef = C9CFF6102BB3B4570094F4DE /* AppDelegate.swift */; };
		C9CFF6132BB3B4570094F4DE /* SceneDelegate.swift in Sources */ = {isa = PBXBuildFile; fileRef = C9CFF6122BB3B4570094F4DE /* SceneDelegate.swift */; };
		C9CFF6152BB3B4570094F4DE /* ViewController.swift in Sources */ = {isa = PBXBuildFile; fileRef = C9CFF6142BB3B4570094F4DE /* ViewController.swift */; };
		C9CFF6182BB3B4580094F4DE /* Main.storyboard in Resources */ = {isa = PBXBuildFile; fileRef = C9CFF6162BB3B4580094F4DE /* Main.storyboard */; };
		C9CFF61A2BB3B4590094F4DE /* Assets.xcassets in Resources */ = {isa = PBXBuildFile; fileRef = C9CFF6192BB3B4590094F4DE /* Assets.xcassets */; };
		C9CFF61D2BB3B4590094F4DE /* LaunchScreen.storyboard in Resources */ = {isa = PBXBuildFile; fileRef = C9CFF61B2BB3B4590094F4DE /* LaunchScreen.storyboard */; };
		C9CFF6322BB3BDE90094F4DE /* PackageType.swift in Sources */ = {isa = PBXBuildFile; fileRef = C9CFF62D2BB3BDE90094F4DE /* PackageType.swift */; };
		C9CFF63A2BB3C05D0094F4DE /* JavaScriptCore.framework in Frameworks */ = {isa = PBXBuildFile; fileRef = C9CFF6392BB3C05D0094F4DE /* JavaScriptCore.framework */; };
		C9CFF63D2BB3C1E80094F4DE /* RNRootViewController.swift in Sources */ = {isa = PBXBuildFile; fileRef = C9CFF63C2BB3C1E80094F4DE /* RNRootViewController.swift */; };
		C9CFF6712BB3FCEA0094F4DE /* business2.ios.jsbundle in Resources */ = {isa = PBXBuildFile; fileRef = C9CFF6482BB3FCEA0094F4DE /* business2.ios.jsbundle */; };
		C9CFF6782BB3FCEA0094F4DE /* common.ios.jsbundle in Resources */ = {isa = PBXBuildFile; fileRef = C9CFF6592BB3FCEA0094F4DE /* common.ios.jsbundle */; };
		C9CFF6792BB3FCEA0094F4DE /* business.ios.jsbundle in Resources */ = {isa = PBXBuildFile; fileRef = C9CFF65A2BB3FCEA0094F4DE /* business.ios.jsbundle */; };
		C9CFF6802BB3FCEA0094F4DE /* main.ios.jsbundle in Resources */ = {isa = PBXBuildFile; fileRef = C9CFF6702BB3FCEA0094F4DE /* main.ios.jsbundle */; };
		C9CFF6AB2BB405C40094F4DE /* logo.png in Resources */ = {isa = PBXBuildFile; fileRef = C9CFF6A22BB405C40094F4DE /* logo.png */; };
		C9CFF6AC2BB405C40094F4DE /* loader.png in Resources */ = {isa = PBXBuildFile; fileRef = C9CFF6A62BB405C40094F4DE /* loader.png */; };
		C9CFF6AD2BB405C40094F4DE /* chevron-right.png in Resources */ = {isa = PBXBuildFile; fileRef = C9CFF6A72BB405C40094F4DE /* chevron-right.png */; };
		C9CFF6AE2BB405C40094F4DE /* chevron-left.png in Resources */ = {isa = PBXBuildFile; fileRef = C9CFF6A82BB405C40094F4DE /* chevron-left.png */; };
		C9CFF6AF2BB405C40094F4DE /* alert-triangle.png in Resources */ = {isa = PBXBuildFile; fileRef = C9CFF6A92BB405C40094F4DE /* alert-triangle.png */; };
		C9CFF6B02BB405C40094F4DE /* close.png in Resources */ = {isa = PBXBuildFile; fileRef = C9CFF6AA2BB405C40094F4DE /* close.png */; };
/* End PBXBuildFile section */

/* Begin PBXFileReference section */
		0133466FD424A05F6D55AF31 /* libPods-RNSplitCodeToMultipleBundles.a */ = {isa = PBXFileReference; explicitFileType = archive.ar; includeInIndex = 0; path = "libPods-RNSplitCodeToMultipleBundles.a"; sourceTree = BUILT_PRODUCTS_DIR; };
		C9CFF60D2BB3B4570094F4DE /* RNSplitCodeToMultipleBundles.app */ = {isa = PBXFileReference; explicitFileType = wrapper.application; includeInIndex = 0; path = RNSplitCodeToMultipleBundles.app; sourceTree = BUILT_PRODUCTS_DIR; };
		C9CFF6102BB3B4570094F4DE /* AppDelegate.swift */ = {isa = PBXFileReference; lastKnownFileType = sourcecode.swift; path = AppDelegate.swift; sourceTree = "<group>"; };
		C9CFF6122BB3B4570094F4DE /* SceneDelegate.swift */ = {isa = PBXFileReference; lastKnownFileType = sourcecode.swift; path = SceneDelegate.swift; sourceTree = "<group>"; };
		C9CFF6142BB3B4570094F4DE /* ViewController.swift */ = {isa = PBXFileReference; lastKnownFileType = sourcecode.swift; path = ViewController.swift; sourceTree = "<group>"; };
		C9CFF6172BB3B4580094F4DE /* Base */ = {isa = PBXFileReference; lastKnownFileType = file.storyboard; name = Base; path = Base.lproj/Main.storyboard; sourceTree = "<group>"; };
		C9CFF6192BB3B4590094F4DE /* Assets.xcassets */ = {isa = PBXFileReference; lastKnownFileType = folder.assetcatalog; path = Assets.xcassets; sourceTree = "<group>"; };
		C9CFF61C2BB3B4590094F4DE /* Base */ = {isa = PBXFileReference; lastKnownFileType = file.storyboard; name = Base; path = Base.lproj/LaunchScreen.storyboard; sourceTree = "<group>"; };
		C9CFF61E2BB3B4590094F4DE /* Info.plist */ = {isa = PBXFileReference; lastKnownFileType = text.plist.xml; path = Info.plist; sourceTree = "<group>"; };
		C9CFF62D2BB3BDE90094F4DE /* PackageType.swift */ = {isa = PBXFileReference; fileEncoding = 4; lastKnownFileType = sourcecode.swift; path = PackageType.swift; sourceTree = "<group>"; };
		C9CFF6342BB3BEB10094F4DE /* RNNativeModuleAPIs.h */ = {isa = PBXFileReference; fileEncoding = 4; lastKnownFileType = sourcecode.c.h; path = RNNativeModuleAPIs.h; sourceTree = "<group>"; };
		C9CFF6382BB3BFA00094F4DE /* RNSplitCodeToMultipleBundles-Bridging-Header.h */ = {isa = PBXFileReference; lastKnownFileType = sourcecode.c.h; path = "RNSplitCodeToMultipleBundles-Bridging-Header.h"; sourceTree = SOURCE_ROOT; };
		C9CFF6392BB3C05D0094F4DE /* JavaScriptCore.framework */ = {isa = PBXFileReference; lastKnownFileType = wrapper.framework; name = JavaScriptCore.framework; path = System/Library/Frameworks/JavaScriptCore.framework; sourceTree = SDKROOT; };
		C9CFF63B2BB3C0BA0094F4DE /* RCTBridge+PackageBundle.h */ = {isa = PBXFileReference; lastKnownFileType = sourcecode.c.h; path = "RCTBridge+PackageBundle.h"; sourceTree = "<group>"; };
		C9CFF63C2BB3C1E80094F4DE /* RNRootViewController.swift */ = {isa = PBXFileReference; lastKnownFileType = sourcecode.swift; path = RNRootViewController.swift; sourceTree = "<group>"; };
		C9CFF6482BB3FCEA0094F4DE /* business2.ios.jsbundle */ = {isa = PBXFileReference; fileEncoding = 4; lastKnownFileType = text; path = business2.ios.jsbundle; sourceTree = "<group>"; };
		C9CFF6592BB3FCEA0094F4DE /* common.ios.jsbundle */ = {isa = PBXFileReference; fileEncoding = 4; lastKnownFileType = text; path = common.ios.jsbundle; sourceTree = "<group>"; };
		C9CFF65A2BB3FCEA0094F4DE /* business.ios.jsbundle */ = {isa = PBXFileReference; fileEncoding = 4; lastKnownFileType = text; path = business.ios.jsbundle; sourceTree = "<group>"; };
		C9CFF6702BB3FCEA0094F4DE /* main.ios.jsbundle */ = {isa = PBXFileReference; fileEncoding = 4; lastKnownFileType = text; path = main.ios.jsbundle; sourceTree = "<group>"; };
		C9CFF6A22BB405C40094F4DE /* logo.png */ = {isa = PBXFileReference; lastKnownFileType = image.png; path = logo.png; sourceTree = "<group>"; };
		C9CFF6A62BB405C40094F4DE /* loader.png */ = {isa = PBXFileReference; lastKnownFileType = image.png; path = loader.png; sourceTree = "<group>"; };
		C9CFF6A72BB405C40094F4DE /* chevron-right.png */ = {isa = PBXFileReference; lastKnownFileType = image.png; path = "chevron-right.png"; sourceTree = "<group>"; };
		C9CFF6A82BB405C40094F4DE /* chevron-left.png */ = {isa = PBXFileReference; lastKnownFileType = image.png; path = "chevron-left.png"; sourceTree = "<group>"; };
		C9CFF6A92BB405C40094F4DE /* alert-triangle.png */ = {isa = PBXFileReference; lastKnownFileType = image.png; path = "alert-triangle.png"; sourceTree = "<group>"; };
		C9CFF6AA2BB405C40094F4DE /* close.png */ = {isa = PBXFileReference; lastKnownFileType = image.png; path = close.png; sourceTree = "<group>"; };
		E3860FB460084A7BD3C024C3 /* Pods-RNSplitCodeToMultipleBundles.debug.xcconfig */ = {isa = PBXFileReference; includeInIndex = 1; lastKnownFileType = text.xcconfig; name = "Pods-RNSplitCodeToMultipleBundles.debug.xcconfig"; path = "Target Support Files/Pods-RNSplitCodeToMultipleBundles/Pods-RNSplitCodeToMultipleBundles.debug.xcconfig"; sourceTree = "<group>"; };
		EAB769571720FC6790983BFA /* Pods-RNSplitCodeToMultipleBundles.release.xcconfig */ = {isa = PBXFileReference; includeInIndex = 1; lastKnownFileType = text.xcconfig; name = "Pods-RNSplitCodeToMultipleBundles.release.xcconfig"; path = "Target Support Files/Pods-RNSplitCodeToMultipleBundles/Pods-RNSplitCodeToMultipleBundles.release.xcconfig"; sourceTree = "<group>"; };
/* End PBXFileReference section */

/* Begin PBXFrameworksBuildPhase section */
		C9CFF60A2BB3B4570094F4DE /* Frameworks */ = {
			isa = PBXFrameworksBuildPhase;
			buildActionMask = 2147483647;
			files = (
				C9CFF63A2BB3C05D0094F4DE /* JavaScriptCore.framework in Frameworks */,
				21AE56ED044BAA3AE9F9FCDA /* libPods-RNSplitCodeToMultipleBundles.a in Frameworks */,
			);
			runOnlyForDeploymentPostprocessing = 0;
		};
/* End PBXFrameworksBuildPhase section */

/* Begin PBXGroup section */
		906B6697949299642FEE5068 /* Frameworks */ = {
			isa = PBXGroup;
			children = (
				C9CFF6392BB3C05D0094F4DE /* JavaScriptCore.framework */,
				0133466FD424A05F6D55AF31 /* libPods-RNSplitCodeToMultipleBundles.a */,
			);
			name = Frameworks;
			sourceTree = "<group>";
		};
		95F1211624C678F87FC2F1EA /* Pods */ = {
			isa = PBXGroup;
			children = (
				E3860FB460084A7BD3C024C3 /* Pods-RNSplitCodeToMultipleBundles.debug.xcconfig */,
				EAB769571720FC6790983BFA /* Pods-RNSplitCodeToMultipleBundles.release.xcconfig */,
			);
			path = Pods;
			sourceTree = "<group>";
		};
		C9CFF6042BB3B4570094F4DE = {
			isa = PBXGroup;
			children = (
				C9CFF60F2BB3B4570094F4DE /* RNSplitCodeToMultipleBundles */,
				C9CFF60E2BB3B4570094F4DE /* Products */,
				95F1211624C678F87FC2F1EA /* Pods */,
				906B6697949299642FEE5068 /* Frameworks */,
			);
			sourceTree = "<group>";
		};
		C9CFF60E2BB3B4570094F4DE /* Products */ = {
			isa = PBXGroup;
			children = (
				C9CFF60D2BB3B4570094F4DE /* RNSplitCodeToMultipleBundles.app */,
			);
			name = Products;
			sourceTree = "<group>";
		};
		C9CFF60F2BB3B4570094F4DE /* RNSplitCodeToMultipleBundles */ = {
			isa = PBXGroup;
			children = (
				C9CFF6472BB3FCEA0094F4DE /* bundle */,
				C9CFF6102BB3B4570094F4DE /* AppDelegate.swift */,
				C9CFF6122BB3B4570094F4DE /* SceneDelegate.swift */,
				C9CFF6142BB3B4570094F4DE /* ViewController.swift */,
				C9CFF6162BB3B4580094F4DE /* Main.storyboard */,
				C9CFF62D2BB3BDE90094F4DE /* PackageType.swift */,
				C9CFF63C2BB3C1E80094F4DE /* RNRootViewController.swift */,
				C9CFF6342BB3BEB10094F4DE /* RNNativeModuleAPIs.h */,
				C9CFF63B2BB3C0BA0094F4DE /* RCTBridge+PackageBundle.h */,
				C9CFF6382BB3BFA00094F4DE /* RNSplitCodeToMultipleBundles-Bridging-Header.h */,
				C9CFF6192BB3B4590094F4DE /* Assets.xcassets */,
				C9CFF61B2BB3B4590094F4DE /* LaunchScreen.storyboard */,
				C9CFF61E2BB3B4590094F4DE /* Info.plist */,
			);
			path = RNSplitCodeToMultipleBundles;
			sourceTree = "<group>";
		};
		C9CFF6472BB3FCEA0094F4DE /* bundle */ = {
			isa = PBXGroup;
			children = (
				C9CFF69C2BB405C40094F4DE /* assets */,
				C9CFF6482BB3FCEA0094F4DE /* business2.ios.jsbundle */,
				C9CFF6592BB3FCEA0094F4DE /* common.ios.jsbundle */,
				C9CFF65A2BB3FCEA0094F4DE /* business.ios.jsbundle */,
				C9CFF6702BB3FCEA0094F4DE /* main.ios.jsbundle */,
			);
			name = bundle;
			path = ../../bundle;
			sourceTree = "<group>";
		};
		C9CFF69C2BB405C40094F4DE /* assets */ = {
			isa = PBXGroup;
			children = (
				C9CFF69D2BB405C40094F4DE /* node_modules */,
			);
			path = assets;
			sourceTree = "<group>";
		};
		C9CFF69D2BB405C40094F4DE /* node_modules */ = {
			isa = PBXGroup;
			children = (
				C9CFF69E2BB405C40094F4DE /* react-native */,
			);
			path = node_modules;
			sourceTree = "<group>";
		};
		C9CFF69E2BB405C40094F4DE /* react-native */ = {
			isa = PBXGroup;
			children = (
				C9CFF69F2BB405C40094F4DE /* Libraries */,
			);
			path = "react-native";
			sourceTree = "<group>";
		};
		C9CFF69F2BB405C40094F4DE /* Libraries */ = {
			isa = PBXGroup;
			children = (
				C9CFF6A02BB405C40094F4DE /* NewAppScreen */,
				C9CFF6A32BB405C40094F4DE /* LogBox */,
			);
			path = Libraries;
			sourceTree = "<group>";
		};
		C9CFF6A02BB405C40094F4DE /* NewAppScreen */ = {
			isa = PBXGroup;
			children = (
				C9CFF6A12BB405C40094F4DE /* components */,
			);
			path = NewAppScreen;
			sourceTree = "<group>";
		};
		C9CFF6A12BB405C40094F4DE /* components */ = {
			isa = PBXGroup;
			children = (
				C9CFF6A22BB405C40094F4DE /* logo.png */,
			);
			path = components;
			sourceTree = "<group>";
		};
		C9CFF6A32BB405C40094F4DE /* LogBox */ = {
			isa = PBXGroup;
			children = (
				C9CFF6A42BB405C40094F4DE /* UI */,
			);
			path = LogBox;
			sourceTree = "<group>";
		};
		C9CFF6A42BB405C40094F4DE /* UI */ = {
			isa = PBXGroup;
			children = (
				C9CFF6A52BB405C40094F4DE /* LogBoxImages */,
			);
			path = UI;
			sourceTree = "<group>";
		};
		C9CFF6A52BB405C40094F4DE /* LogBoxImages */ = {
			isa = PBXGroup;
			children = (
				C9CFF6A62BB405C40094F4DE /* loader.png */,
				C9CFF6A72BB405C40094F4DE /* chevron-right.png */,
				C9CFF6A82BB405C40094F4DE /* chevron-left.png */,
				C9CFF6A92BB405C40094F4DE /* alert-triangle.png */,
				C9CFF6AA2BB405C40094F4DE /* close.png */,
			);
			path = LogBoxImages;
			sourceTree = "<group>";
		};
/* End PBXGroup section */

/* Begin PBXNativeTarget section */
		C9CFF60C2BB3B4570094F4DE /* RNSplitCodeToMultipleBundles */ = {
			isa = PBXNativeTarget;
			buildConfigurationList = C9CFF6212BB3B4590094F4DE /* Build configuration list for PBXNativeTarget "RNSplitCodeToMultipleBundles" */;
			buildPhases = (
				8B028EFCA8ACB8F03A882383 /* [CP] Check Pods Manifest.lock */,
				C9CFF6092BB3B4570094F4DE /* Sources */,
				C9CFF60A2BB3B4570094F4DE /* Frameworks */,
				C9CFF60B2BB3B4570094F4DE /* Resources */,
				CDB496D99805C93D4BC1F7E5 /* [CP] Embed Pods Frameworks */,
				F3BF43BC5A26E72DE973C518 /* [CP] Copy Pods Resources */,
			);
			buildRules = (
			);
			dependencies = (
			);
			name = RNSplitCodeToMultipleBundles;
			productName = RNSplitCodeToMultipleBundles;
			productReference = C9CFF60D2BB3B4570094F4DE /* RNSplitCodeToMultipleBundles.app */;
			productType = "com.apple.product-type.application";
		};
/* End PBXNativeTarget section */

/* Begin PBXProject section */
		C9CFF6052BB3B4570094F4DE /* Project object */ = {
			isa = PBXProject;
			attributes = {
				BuildIndependentTargetsInParallel = 1;
				LastSwiftUpdateCheck = 1520;
				LastUpgradeCheck = 1520;
				TargetAttributes = {
					C9CFF60C2BB3B4570094F4DE = {
						CreatedOnToolsVersion = 15.2;
						LastSwiftMigration = 1520;
					};
				};
			};
			buildConfigurationList = C9CFF6082BB3B4570094F4DE /* Build configuration list for PBXProject "RNSplitCodeToMultipleBundles" */;
			compatibilityVersion = "Xcode 14.0";
			developmentRegion = en;
			hasScannedForEncodings = 0;
			knownRegions = (
				en,
				Base,
			);
			mainGroup = C9CFF6042BB3B4570094F4DE;
			productRefGroup = C9CFF60E2BB3B4570094F4DE /* Products */;
			projectDirPath = "";
			projectRoot = "";
			targets = (
				C9CFF60C2BB3B4570094F4DE /* RNSplitCodeToMultipleBundles */,
			);
		};
/* End PBXProject section */

/* Begin PBXResourcesBuildPhase section */
		C9CFF60B2BB3B4570094F4DE /* Resources */ = {
			isa = PBXResourcesBuildPhase;
			buildActionMask = 2147483647;
			files = (
				C9CFF6802BB3FCEA0094F4DE /* main.ios.jsbundle in Resources */,
				C9CFF6AC2BB405C40094F4DE /* loader.png in Resources */,
				C9CFF6782BB3FCEA0094F4DE /* common.ios.jsbundle in Resources */,
				C9CFF6792BB3FCEA0094F4DE /* business.ios.jsbundle in Resources */,
				C9CFF6AF2BB405C40094F4DE /* alert-triangle.png in Resources */,
				C9CFF61D2BB3B4590094F4DE /* LaunchScreen.storyboard in Resources */,
				C9CFF6AB2BB405C40094F4DE /* logo.png in Resources */,
				C9CFF6B02BB405C40094F4DE /* close.png in Resources */,
				C9CFF6AD2BB405C40094F4DE /* chevron-right.png in Resources */,
				C9CFF61A2BB3B4590094F4DE /* Assets.xcassets in Resources */,
				C9CFF6AE2BB405C40094F4DE /* chevron-left.png in Resources */,
				C9CFF6712BB3FCEA0094F4DE /* business2.ios.jsbundle in Resources */,
				C9CFF6182BB3B4580094F4DE /* Main.storyboard in Resources */,
			);
			runOnlyForDeploymentPostprocessing = 0;
		};
/* End PBXResourcesBuildPhase section */

/* Begin PBXShellScriptBuildPhase section */
		8B028EFCA8ACB8F03A882383 /* [CP] Check Pods Manifest.lock */ = {
			isa = PBXShellScriptBuildPhase;
			buildActionMask = 2147483647;
			files = (
			);
			inputFileListPaths = (
			);
			inputPaths = (
				"${PODS_PODFILE_DIR_PATH}/Podfile.lock",
				"${PODS_ROOT}/Manifest.lock",
			);
			name = "[CP] Check Pods Manifest.lock";
			outputFileListPaths = (
			);
			outputPaths = (
				"$(DERIVED_FILE_DIR)/Pods-RNSplitCodeToMultipleBundles-checkManifestLockResult.txt",
			);
			runOnlyForDeploymentPostprocessing = 0;
			shellPath = /bin/sh;
			shellScript = "diff \"${PODS_PODFILE_DIR_PATH}/Podfile.lock\" \"${PODS_ROOT}/Manifest.lock\" > /dev/null\nif [ $? != 0 ] ; then\n    # print error to STDERR\n    echo \"error: The sandbox is not in sync with the Podfile.lock. Run 'pod install' or update your CocoaPods installation.\" >&2\n    exit 1\nfi\n# This output is used by Xcode 'outputs' to avoid re-running this script phase.\necho \"SUCCESS\" > \"${SCRIPT_OUTPUT_FILE_0}\"\n";
			showEnvVarsInLog = 0;
		};
		CDB496D99805C93D4BC1F7E5 /* [CP] Embed Pods Frameworks */ = {
			isa = PBXShellScriptBuildPhase;
			buildActionMask = 2147483647;
			files = (
			);
			inputFileListPaths = (
				"${PODS_ROOT}/Target Support Files/Pods-RNSplitCodeToMultipleBundles/Pods-RNSplitCodeToMultipleBundles-frameworks-${CONFIGURATION}-input-files.xcfilelist",
			);
			name = "[CP] Embed Pods Frameworks";
			outputFileListPaths = (
				"${PODS_ROOT}/Target Support Files/Pods-RNSplitCodeToMultipleBundles/Pods-RNSplitCodeToMultipleBundles-frameworks-${CONFIGURATION}-output-files.xcfilelist",
			);
			runOnlyForDeploymentPostprocessing = 0;
			shellPath = /bin/sh;
			shellScript = "\"${PODS_ROOT}/Target Support Files/Pods-RNSplitCodeToMultipleBundles/Pods-RNSplitCodeToMultipleBundles-frameworks.sh\"\n";
			showEnvVarsInLog = 0;
		};
		F3BF43BC5A26E72DE973C518 /* [CP] Copy Pods Resources */ = {
			isa = PBXShellScriptBuildPhase;
			buildActionMask = 2147483647;
			files = (
			);
			inputFileListPaths = (
				"${PODS_ROOT}/Target Support Files/Pods-RNSplitCodeToMultipleBundles/Pods-RNSplitCodeToMultipleBundles-resources-${CONFIGURATION}-input-files.xcfilelist",
			);
			name = "[CP] Copy Pods Resources";
			outputFileListPaths = (
				"${PODS_ROOT}/Target Support Files/Pods-RNSplitCodeToMultipleBundles/Pods-RNSplitCodeToMultipleBundles-resources-${CONFIGURATION}-output-files.xcfilelist",
			);
			runOnlyForDeploymentPostprocessing = 0;
			shellPath = /bin/sh;
			shellScript = "\"${PODS_ROOT}/Target Support Files/Pods-RNSplitCodeToMultipleBundles/Pods-RNSplitCodeToMultipleBundles-resources.sh\"\n";
			showEnvVarsInLog = 0;
		};
/* End PBXShellScriptBuildPhase section */

/* Begin PBXSourcesBuildPhase section */
		C9CFF6092BB3B4570094F4DE /* Sources */ = {
			isa = PBXSourcesBuildPhase;
			buildActionMask = 2147483647;
			files = (
				C9CFF6152BB3B4570094F4DE /* ViewController.swift in Sources */,
				C9CFF63D2BB3C1E80094F4DE /* RNRootViewController.swift in Sources */,
				C9CFF6112BB3B4570094F4DE /* AppDelegate.swift in Sources */,
				C9CFF6322BB3BDE90094F4DE /* PackageType.swift in Sources */,
				C9CFF6132BB3B4570094F4DE /* SceneDelegate.swift in Sources */,
			);
			runOnlyForDeploymentPostprocessing = 0;
		};
/* End PBXSourcesBuildPhase section */

/* Begin PBXVariantGroup section */
		C9CFF6162BB3B4580094F4DE /* Main.storyboard */ = {
			isa = PBXVariantGroup;
			children = (
				C9CFF6172BB3B4580094F4DE /* Base */,
			);
			name = Main.storyboard;
			sourceTree = "<group>";
		};
		C9CFF61B2BB3B4590094F4DE /* LaunchScreen.storyboard */ = {
			isa = PBXVariantGroup;
			children = (
				C9CFF61C2BB3B4590094F4DE /* Base */,
			);
			name = LaunchScreen.storyboard;
			sourceTree = "<group>";
		};
/* End PBXVariantGroup section */

/* Begin XCBuildConfiguration section */
		C9CFF61F2BB3B4590094F4DE /* Debug */ = {
			isa = XCBuildConfiguration;
			buildSettings = {
				ALWAYS_SEARCH_USER_PATHS = NO;
				ASSETCATALOG_COMPILER_GENERATE_SWIFT_ASSET_SYMBOL_EXTENSIONS = YES;
				CLANG_ANALYZER_NONNULL = YES;
				CLANG_ANALYZER_NUMBER_OBJECT_CONVERSION = YES_AGGRESSIVE;
				CLANG_CXX_LANGUAGE_STANDARD = "c++20";
				CLANG_ENABLE_MODULES = YES;
				CLANG_ENABLE_OBJC_ARC = YES;
				CLANG_ENABLE_OBJC_WEAK = YES;
				CLANG_WARN_BLOCK_CAPTURE_AUTORELEASING = YES;
				CLANG_WARN_BOOL_CONVERSION = YES;
				CLANG_WARN_COMMA = YES;
				CLANG_WARN_CONSTANT_CONVERSION = YES;
				CLANG_WARN_DEPRECATED_OBJC_IMPLEMENTATIONS = YES;
				CLANG_WARN_DIRECT_OBJC_ISA_USAGE = YES_ERROR;
				CLANG_WARN_DOCUMENTATION_COMMENTS = YES;
				CLANG_WARN_EMPTY_BODY = YES;
				CLANG_WARN_ENUM_CONVERSION = YES;
				CLANG_WARN_INFINITE_RECURSION = YES;
				CLANG_WARN_INT_CONVERSION = YES;
				CLANG_WARN_NON_LITERAL_NULL_CONVERSION = YES;
				CLANG_WARN_OBJC_IMPLICIT_RETAIN_SELF = YES;
				CLANG_WARN_OBJC_LITERAL_CONVERSION = YES;
				CLANG_WARN_OBJC_ROOT_CLASS = YES_ERROR;
				CLANG_WARN_QUOTED_INCLUDE_IN_FRAMEWORK_HEADER = YES;
				CLANG_WARN_RANGE_LOOP_ANALYSIS = YES;
				CLANG_WARN_STRICT_PROTOTYPES = YES;
				CLANG_WARN_SUSPICIOUS_MOVE = YES;
				CLANG_WARN_UNGUARDED_AVAILABILITY = YES_AGGRESSIVE;
				CLANG_WARN_UNREACHABLE_CODE = YES;
				CLANG_WARN__DUPLICATE_METHOD_MATCH = YES;
				COPY_PHASE_STRIP = NO;
				DEBUG_INFORMATION_FORMAT = dwarf;
				ENABLE_STRICT_OBJC_MSGSEND = YES;
				ENABLE_TESTABILITY = YES;
				ENABLE_USER_SCRIPT_SANDBOXING = YES;
				"EXCLUDED_ARCHS[sdk=iphonesimulator*]" = i386;
				GCC_C_LANGUAGE_STANDARD = gnu17;
				GCC_DYNAMIC_NO_PIC = NO;
				GCC_NO_COMMON_BLOCKS = YES;
				GCC_OPTIMIZATION_LEVEL = 0;
				GCC_PREPROCESSOR_DEFINITIONS = (
					"DEBUG=1",
					"$(inherited)",
				);
				GCC_WARN_64_TO_32_BIT_CONVERSION = YES;
				GCC_WARN_ABOUT_RETURN_TYPE = YES_ERROR;
				GCC_WARN_UNDECLARED_SELECTOR = YES;
				GCC_WARN_UNINITIALIZED_AUTOS = YES_AGGRESSIVE;
				GCC_WARN_UNUSED_FUNCTION = YES;
				GCC_WARN_UNUSED_VARIABLE = YES;
				IPHONEOS_DEPLOYMENT_TARGET = 17.2;
				LOCALIZATION_PREFERS_STRING_CATALOGS = YES;
				MTL_ENABLE_DEBUG_INFO = INCLUDE_SOURCE;
				MTL_FAST_MATH = YES;
				ONLY_ACTIVE_ARCH = YES;
				OTHER_CFLAGS = "$(inherited)";
				OTHER_CPLUSPLUSFLAGS = "$(inherited)";
				OTHER_LDFLAGS = "$(inherited)  ";
				REACT_NATIVE_PATH = "${PODS_ROOT}/../../node_modules/react-native";
				SDKROOT = iphoneos;
				SWIFT_ACTIVE_COMPILATION_CONDITIONS = "DEBUG $(inherited)";
				SWIFT_OPTIMIZATION_LEVEL = "-Onone";
				USE_HERMES = true;
			};
			name = Debug;
		};
		C9CFF6202BB3B4590094F4DE /* Release */ = {
			isa = XCBuildConfiguration;
			buildSettings = {
				ALWAYS_SEARCH_USER_PATHS = NO;
				ASSETCATALOG_COMPILER_GENERATE_SWIFT_ASSET_SYMBOL_EXTENSIONS = YES;
				CLANG_ANALYZER_NONNULL = YES;
				CLANG_ANALYZER_NUMBER_OBJECT_CONVERSION = YES_AGGRESSIVE;
				CLANG_CXX_LANGUAGE_STANDARD = "c++20";
				CLANG_ENABLE_MODULES = YES;
				CLANG_ENABLE_OBJC_ARC = YES;
				CLANG_ENABLE_OBJC_WEAK = YES;
				CLANG_WARN_BLOCK_CAPTURE_AUTORELEASING = YES;
				CLANG_WARN_BOOL_CONVERSION = YES;
				CLANG_WARN_COMMA = YES;
				CLANG_WARN_CONSTANT_CONVERSION = YES;
				CLANG_WARN_DEPRECATED_OBJC_IMPLEMENTATIONS = YES;
				CLANG_WARN_DIRECT_OBJC_ISA_USAGE = YES_ERROR;
				CLANG_WARN_DOCUMENTATION_COMMENTS = YES;
				CLANG_WARN_EMPTY_BODY = YES;
				CLANG_WARN_ENUM_CONVERSION = YES;
				CLANG_WARN_INFINITE_RECURSION = YES;
				CLANG_WARN_INT_CONVERSION = YES;
				CLANG_WARN_NON_LITERAL_NULL_CONVERSION = YES;
				CLANG_WARN_OBJC_IMPLICIT_RETAIN_SELF = YES;
				CLANG_WARN_OBJC_LITERAL_CONVERSION = YES;
				CLANG_WARN_OBJC_ROOT_CLASS = YES_ERROR;
				CLANG_WARN_QUOTED_INCLUDE_IN_FRAMEWORK_HEADER = YES;
				CLANG_WARN_RANGE_LOOP_ANALYSIS = YES;
				CLANG_WARN_STRICT_PROTOTYPES = YES;
				CLANG_WARN_SUSPICIOUS_MOVE = YES;
				CLANG_WARN_UNGUARDED_AVAILABILITY = YES_AGGRESSIVE;
				CLANG_WARN_UNREACHABLE_CODE = YES;
				CLANG_WARN__DUPLICATE_METHOD_MATCH = YES;
				COPY_PHASE_STRIP = NO;
				DEBUG_INFORMATION_FORMAT = "dwarf-with-dsym";
				ENABLE_NS_ASSERTIONS = NO;
				ENABLE_STRICT_OBJC_MSGSEND = YES;
				ENABLE_USER_SCRIPT_SANDBOXING = YES;
				"EXCLUDED_ARCHS[sdk=iphonesimulator*]" = i386;
				GCC_C_LANGUAGE_STANDARD = gnu17;
				GCC_NO_COMMON_BLOCKS = YES;
				GCC_WARN_64_TO_32_BIT_CONVERSION = YES;
				GCC_WARN_ABOUT_RETURN_TYPE = YES_ERROR;
				GCC_WARN_UNDECLARED_SELECTOR = YES;
				GCC_WARN_UNINITIALIZED_AUTOS = YES_AGGRESSIVE;
				GCC_WARN_UNUSED_FUNCTION = YES;
				GCC_WARN_UNUSED_VARIABLE = YES;
				IPHONEOS_DEPLOYMENT_TARGET = 17.2;
				LOCALIZATION_PREFERS_STRING_CATALOGS = YES;
				MTL_ENABLE_DEBUG_INFO = NO;
				MTL_FAST_MATH = YES;
				OTHER_CFLAGS = "$(inherited)";
				OTHER_CPLUSPLUSFLAGS = "$(inherited)";
				OTHER_LDFLAGS = "$(inherited)  ";
				REACT_NATIVE_PATH = "${PODS_ROOT}/../../node_modules/react-native";
				SDKROOT = iphoneos;
				SWIFT_COMPILATION_MODE = wholemodule;
				USE_HERMES = true;
				VALIDATE_PRODUCT = YES;
			};
			name = Release;
		};
		C9CFF6222BB3B4590094F4DE /* Debug */ = {
			isa = XCBuildConfiguration;
			baseConfigurationReference = E3860FB460084A7BD3C024C3 /* Pods-RNSplitCodeToMultipleBundles.debug.xcconfig */;
			buildSettings = {
				ASSETCATALOG_COMPILER_APPICON_NAME = AppIcon;
				ASSETCATALOG_COMPILER_GLOBAL_ACCENT_COLOR_NAME = AccentColor;
				CLANG_ENABLE_MODULES = YES;
				CODE_SIGN_STYLE = Automatic;
				CURRENT_PROJECT_VERSION = 1;
				DEVELOPMENT_TEAM = "";
				ENABLE_USER_SCRIPT_SANDBOXING = NO;
				GENERATE_INFOPLIST_FILE = YES;
				INFOPLIST_FILE = RNSplitCodeToMultipleBundles/Info.plist;
				INFOPLIST_KEY_UIApplicationSupportsIndirectInputEvents = YES;
				INFOPLIST_KEY_UILaunchStoryboardName = LaunchScreen;
				INFOPLIST_KEY_UIMainStoryboardFile = Main;
				INFOPLIST_KEY_UIStatusBarStyle = "";
				INFOPLIST_KEY_UISupportedInterfaceOrientations = UIInterfaceOrientationPortrait;
				IPHONEOS_DEPLOYMENT_TARGET = 15.0;
				LD_RUNPATH_SEARCH_PATHS = (
					"$(inherited)",
					"@executable_path/Frameworks",
				);
				MARKETING_VERSION = 1.0;
				PRODUCT_BUNDLE_IDENTIFIER = com.hut.test;
				PRODUCT_NAME = "$(TARGET_NAME)";
				SWIFT_EMIT_LOC_STRINGS = YES;
				SWIFT_OBJC_BRIDGING_HEADER = "RNSplitCodeToMultipleBundles-Bridging-Header.h";
				SWIFT_OPTIMIZATION_LEVEL = "-Onone";
				SWIFT_VERSION = 5.0;
				TARGETED_DEVICE_FAMILY = "1,2";
			};
			name = Debug;
		};
		C9CFF6232BB3B4590094F4DE /* Release */ = {
			isa = XCBuildConfiguration;
			baseConfigurationReference = EAB769571720FC6790983BFA /* Pods-RNSplitCodeToMultipleBundles.release.xcconfig */;
			buildSettings = {
				ASSETCATALOG_COMPILER_APPICON_NAME = AppIcon;
				ASSETCATALOG_COMPILER_GLOBAL_ACCENT_COLOR_NAME = AccentColor;
				CLANG_ENABLE_MODULES = YES;
				CODE_SIGN_STYLE = Automatic;
				CURRENT_PROJECT_VERSION = 1;
				DEVELOPMENT_TEAM = "";
				ENABLE_USER_SCRIPT_SANDBOXING = NO;
				GENERATE_INFOPLIST_FILE = YES;
				INFOPLIST_FILE = RNSplitCodeToMultipleBundles/Info.plist;
				INFOPLIST_KEY_UIApplicationSupportsIndirectInputEvents = YES;
				INFOPLIST_KEY_UILaunchStoryboardName = LaunchScreen;
				INFOPLIST_KEY_UIMainStoryboardFile = Main;
				INFOPLIST_KEY_UIStatusBarStyle = "";
				INFOPLIST_KEY_UISupportedInterfaceOrientations = UIInterfaceOrientationPortrait;
				IPHONEOS_DEPLOYMENT_TARGET = 15.0;
				LD_RUNPATH_SEARCH_PATHS = (
					"$(inherited)",
					"@executable_path/Frameworks",
				);
				MARKETING_VERSION = 1.0;
				PRODUCT_BUNDLE_IDENTIFIER = com.hut.test;
				PRODUCT_NAME = "$(TARGET_NAME)";
				SWIFT_EMIT_LOC_STRINGS = YES;
				SWIFT_OBJC_BRIDGING_HEADER = "RNSplitCodeToMultipleBundles-Bridging-Header.h";
				SWIFT_VERSION = 5.0;
				TARGETED_DEVICE_FAMILY = "1,2";
			};
			name = Release;
		};
/* End XCBuildConfiguration section */

/* Begin XCConfigurationList section */
		C9CFF6082BB3B4570094F4DE /* Build configuration list for PBXProject "RNSplitCodeToMultipleBundles" */ = {
			isa = XCConfigurationList;
			buildConfigurations = (
				C9CFF61F2BB3B4590094F4DE /* Debug */,
				C9CFF6202BB3B4590094F4DE /* Release */,
			);
			defaultConfigurationIsVisible = 0;
			defaultConfigurationName = Release;
		};
		C9CFF6212BB3B4590094F4DE /* Build configuration list for PBXNativeTarget "RNSplitCodeToMultipleBundles" */ = {
			isa = XCConfigurationList;
			buildConfigurations = (
				C9CFF6222BB3B4590094F4DE /* Debug */,
				C9CFF6232BB3B4590094F4DE /* Release */,
			);
			defaultConfigurationIsVisible = 0;
			defaultConfigurationName = Release;
		};
/* End XCConfigurationList section */
	};
	rootObject = C9CFF6052BB3B4570094F4DE /* Project object */;
}
